
Microsoft Visual Studio Solution File, Format Version 12.00
# Visual Studio Version 17
VisualStudioVersion = 17.1.32210.238
MinimumVisualStudioVersion = 10.0.40219.1
Project("{FAE04EC0-301F-11D3-BF4B-00C04F79EFBC}") = "BookStoreEdentity", "BookStoreEdentity\BookStoreEdentity.csproj", "{6FB2C514-0E78-402C-BEAC-075A90777396}"
EndProject
Global
	GlobalSection(SolutionConfigurationPlatforms) = preSolution
		Debug|Any CPU = Debug|Any CPU
		Release|Any CPU = Release|Any CPU
	EndGlobalSection
	GlobalSection(ProjectConfigurationPlatforms) = postSolution
		{6FB2C514-0E78-402C-BEAC-075A90777396}.Debug|Any CPU.ActiveCfg = Debug|Any CPU
		{6FB2C514-0E78-402C-BEAC-075A90777396}.Debug|Any CPU.Build.0 = Debug|Any CPU
		{6FB2C514-0E78-402C-BEAC-075A90777396}.Release|Any CPU.ActiveCfg = Release|Any CPU
		{6FB2C514-0E78-402C-BEAC-075A90777396}.Release|Any CPU.Build.0 = Release|Any CPU
	EndGlobalSection
	GlobalSection(SolutionProperties) = preSolution
		HideSolutionNode = FALSE
	EndGlobalSection
	GlobalSection(ExtensibilityGlobals) = postSolution
		SolutionGuid = {75EC73AD-1A05-4918-A929-464F46762D4B}
	EndGlobalSection
EndGlobal
